
Microsoft Visual Studio Solution File, Format Version 12.00
# Visual Studio 15
VisualStudioVersion = 15.0.27130.2027
MinimumVisualStudioVersion = 10.0.40219.1
Project("{FAE04EC0-301F-11D3-BF4B-00C04F79EFBC}") = "Menu", "Menu\Menu.csproj", "{0C269DC1-F37F-40C2-B641-48EB11B53CCB}"
EndProject
Global
	GlobalSection(SolutionConfigurationPlatforms) = preSolution
		Debug|Any CPU = Debug|Any CPU
		Release|Any CPU = Release|Any CPU
	EndGlobalSection
	GlobalSection(ProjectConfigurationPlatforms) = postSolution
		{0C269DC1-F37F-40C2-B641-48EB11B53CCB}.Debug|Any CPU.ActiveCfg = Debug|Any CPU
		{0C269DC1-F37F-40C2-B641-48EB11B53CCB}.Debug|Any CPU.Build.0 = Debug|Any CPU
		{0C269DC1-F37F-40C2-B641-48EB11B53CCB}.Release|Any CPU.ActiveCfg = Release|Any CPU
		{0C269DC1-F37F-40C2-B641-48EB11B53CCB}.Release|Any CPU.Build.0 = Release|Any CPU
	EndGlobalSection
	GlobalSection(SolutionProperties) = preSolution
		HideSolutionNode = FALSE
	EndGlobalSection
	GlobalSection(ExtensibilityGlobals) = postSolution
		SolutionGuid = {66EEE8C9-B951-4D7F-B366-7781B9482971}
	EndGlobalSection
EndGlobal
